
Microsoft Visual Studio Solution File, Format Version 12.00
# Visual Studio Version 17
VisualStudioVersion = 17.0.31903.59
MinimumVisualStudioVersion = 10.0.40219.1
Project("{2150E333-8FDC-42A3-9474-1A3956D46DE8}") = "src", "src", "{0F85FD23-3BB9-48FA-882B-785E0B62794C}"
EndProject
Project("{FAE04EC0-301F-11D3-BF4B-00C04F79EFBC}") = "N4Sentinel.Application", "src\N4Sentinel.Application\N4Sentinel.Application.csproj", "{52459F86-6BBC-4C96-8C1C-01CBE7D2B135}"
EndProject
Project("{FAE04EC0-301F-11D3-BF4B-00C04F79EFBC}") = "N4Sentinel.Connectors", "src\N4Sentinel.Connectors\N4Sentinel.Connectors.csproj", "{8877C7E2-DE10-4B38-B4F7-AF0611944D4E}"
EndProject
Project("{FAE04EC0-301F-11D3-BF4B-00C04F79EFBC}") = "N4Sentinel.Data", "src\N4Sentinel.Data\N4Sentinel.Data.csproj", "{D022047E-D924-410A-9873-E85A5376BA8F}"
EndProject
Project("{FAE04EC0-301F-11D3-BF4B-00C04F79EFBC}") = "N4Sentinel.Diagnostics", "src\N4Sentinel.Diagnostics\N4Sentinel.Diagnostics.csproj", "{56B0B5C8-BA52-427A-8E8B-463A8547092E}"
EndProject
Project("{FAE04EC0-301F-11D3-BF4B-00C04F79EFBC}") = "N4Sentinel.Domain", "src\N4Sentinel.Domain\N4Sentinel.Domain.csproj", "{D23A03BB-1340-4DED-90BA-B7297183854E}"
EndProject
Project("{FAE04EC0-301F-11D3-BF4B-00C04F79EFBC}") = "N4Sentinel.Knowledge", "src\N4Sentinel.Knowledge\N4Sentinel.Knowledge.csproj", "{08FAADBE-0C19-4B6F-BC62-F4F6A0F60047}"
EndProject
Project("{FAE04EC0-301F-11D3-BF4B-00C04F79EFBC}") = "N4Sentinel.Orchestration", "src\N4Sentinel.Orchestration\N4Sentinel.Orchestration.csproj", "{BEC8E438-33A9-4806-A5D7-BD49BACA39EC}"
EndProject
Project("{FAE04EC0-301F-11D3-BF4B-00C04F79EFBC}") = "N4Sentinel.Web", "src\N4Sentinel.Web\N4Sentinel.Web.csproj", "{ED32E5AE-27D5-4B41-AB65-9AD4A5B07D14}"
EndProject
Project("{2150E333-8FDC-42A3-9474-1A3956D46DE8}") = "tests", "tests", "{EE09BD4C-0930-42F7-9B67-986313CB6750}"
EndProject
Project("{FAE04EC0-301F-11D3-BF4B-00C04F79EFBC}") = "N4Sentinel.Application.Tests", "tests\N4Sentinel.Application.Tests\N4Sentinel.Application.Tests.csproj", "{38FF335D-B47E-4D4D-9132-1BC837724DA4}"
EndProject
Project("{FAE04EC0-301F-11D3-BF4B-00C04F79EFBC}") = "N4Sentinel.Architecture.Tests", "tests\N4Sentinel.Architecture.Tests\N4Sentinel.Architecture.Tests.csproj", "{CA74B186-307C-45D5-BEE3-59E78165B245}"
EndProject
Project("{FAE04EC0-301F-11D3-BF4B-00C04F79EFBC}") = "N4Sentinel.Connectors.Tests", "tests\N4Sentinel.Connectors.Tests\N4Sentinel.Connectors.Tests.csproj", "{A13A792F-08A6-4992-B5F8-CF4CFEA937FB}"
EndProject
Project("{FAE04EC0-301F-11D3-BF4B-00C04F79EFBC}") = "N4Sentinel.Domain.Tests", "tests\N4Sentinel.Domain.Tests\N4Sentinel.Domain.Tests.csproj", "{FF0433DE-356F-49CE-96E6-D1B5FB2D498F}"
EndProject
Global
	GlobalSection(SolutionConfigurationPlatforms) = preSolution
		Debug|Any CPU = Debug|Any CPU
		Release|Any CPU = Release|Any CPU
	EndGlobalSection
	GlobalSection(SolutionProperties) = preSolution
		HideSolutionNode = FALSE
	EndGlobalSection
	GlobalSection(ProjectConfigurationPlatforms) = postSolution
		{52459F86-6BBC-4C96-8C1C-01CBE7D2B135}.Debug|Any CPU.ActiveCfg = Debug|Any CPU
		{52459F86-6BBC-4C96-8C1C-01CBE7D2B135}.Debug|Any CPU.Build.0 = Debug|Any CPU
		{52459F86-6BBC-4C96-8C1C-01CBE7D2B135}.Release|Any CPU.ActiveCfg = Release|Any CPU
		{52459F86-6BBC-4C96-8C1C-01CBE7D2B135}.Release|Any CPU.Build.0 = Release|Any CPU
		{8877C7E2-DE10-4B38-B4F7-AF0611944D4E}.Debug|Any CPU.ActiveCfg = Debug|Any CPU
		{8877C7E2-DE10-4B38-B4F7-AF0611944D4E}.Debug|Any CPU.Build.0 = Debug|Any CPU
		{8877C7E2-DE10-4B38-B4F7-AF0611944D4E}.Release|Any CPU.ActiveCfg = Release|Any CPU
		{8877C7E2-DE10-4B38-B4F7-AF0611944D4E}.Release|Any CPU.Build.0 = Release|Any CPU
		{D022047E-D924-410A-9873-E85A5376BA8F}.Debug|Any CPU.ActiveCfg = Debug|Any CPU
		{D022047E-D924-410A-9873-E85A5376BA8F}.Debug|Any CPU.Build.0 = Debug|Any CPU
		{D022047E-D924-410A-9873-E85A5376BA8F}.Release|Any CPU.ActiveCfg = Release|Any CPU
		{D022047E-D924-410A-9873-E85A5376BA8F}.Release|Any CPU.Build.0 = Release|Any CPU
		{56B0B5C8-BA52-427A-8E8B-463A8547092E}.Debug|Any CPU.ActiveCfg = Debug|Any CPU
		{56B0B5C8-BA52-427A-8E8B-463A8547092E}.Debug|Any CPU.Build.0 = Debug|Any CPU
		{56B0B5C8-BA52-427A-8E8B-463A8547092E}.Release|Any CPU.ActiveCfg = Release|Any CPU
		{56B0B5C8-BA52-427A-8E8B-463A8547092E}.Release|Any CPU.Build.0 = Release|Any CPU
		{D23A03BB-1340-4DED-90BA-B7297183854E}.Debug|Any CPU.ActiveCfg = Debug|Any CPU
		{D23A03BB-1340-4DED-90BA-B7297183854E}.Debug|Any CPU.Build.0 = Debug|Any CPU
		{D23A03BB-1340-4DED-90BA-B7297183854E}.Release|Any CPU.ActiveCfg = Release|Any CPU
		{D23A03BB-1340-4DED-90BA-B7297183854E}.Release|Any CPU.Build.0 = Release|Any CPU
		{08FAADBE-0C19-4B6F-BC62-F4F6A0F60047}.Debug|Any CPU.ActiveCfg = Debug|Any CPU
		{08FAADBE-0C19-4B6F-BC62-F4F6A0F60047}.Debug|Any CPU.Build.0 = Debug|Any CPU
		{08FAADBE-0C19-4B6F-BC62-F4F6A0F60047}.Release|Any CPU.ActiveCfg = Release|Any CPU
		{08FAADBE-0C19-4B6F-BC62-F4F6A0F60047}.Release|Any CPU.Build.0 = Release|Any CPU
		{BEC8E438-33A9-4806-A5D7-BD49BACA39EC}.Debug|Any CPU.ActiveCfg = Debug|Any CPU
		{BEC8E438-33A9-4806-A5D7-BD49BACA39EC}.Debug|Any CPU.Build.0 = Debug|Any CPU
		{BEC8E438-33A9-4806-A5D7-BD49BACA39EC}.Release|Any CPU.ActiveCfg = Release|Any CPU
		{BEC8E438-33A9-4806-A5D7-BD49BACA39EC}.Release|Any CPU.Build.0 = Release|Any CPU
		{ED32E5AE-27D5-4B41-AB65-9AD4A5B07D14}.Debug|Any CPU.ActiveCfg = Debug|Any CPU
		{ED32E5AE-27D5-4B41-AB65-9AD4A5B07D14}.Debug|Any CPU.Build.0 = Debug|Any CPU
		{ED32E5AE-27D5-4B41-AB65-9AD4A5B07D14}.Release|Any CPU.ActiveCfg = Release|Any CPU
		{ED32E5AE-27D5-4B41-AB65-9AD4A5B07D14}.Release|Any CPU.Build.0 = Release|Any CPU
		{38FF335D-B47E-4D4D-9132-1BC837724DA4}.Debug|Any CPU.ActiveCfg = Debug|Any CPU
		{38FF335D-B47E-4D4D-9132-1BC837724DA4}.Debug|Any CPU.Build.0 = Debug|Any CPU
		{38FF335D-B47E-4D4D-9132-1BC837724DA4}.Release|Any CPU.ActiveCfg = Release|Any CPU
		{38FF335D-B47E-4D4D-9132-1BC837724DA4}.Release|Any CPU.Build.0 = Release|Any CPU
		{CA74B186-307C-45D5-BEE3-59E78165B245}.Debug|Any CPU.ActiveCfg = Debug|Any CPU
		{CA74B186-307C-45D5-BEE3-59E78165B245}.Debug|Any CPU.Build.0 = Debug|Any CPU
		{CA74B186-307C-45D5-BEE3-59E78165B245}.Release|Any CPU.ActiveCfg = Release|Any CPU
		{CA74B186-307C-45D5-BEE3-59E78165B245}.Release|Any CPU.Build.0 = Release|Any CPU
		{A13A792F-08A6-4992-B5F8-CF4CFEA937FB}.Debug|Any CPU.ActiveCfg = Debug|Any CPU
		{A13A792F-08A6-4992-B5F8-CF4CFEA937FB}.Debug|Any CPU.Build.0 = Debug|Any CPU
		{A13A792F-08A6-4992-B5F8-CF4CFEA937FB}.Release|Any CPU.ActiveCfg = Release|Any CPU
		{A13A792F-08A6-4992-B5F8-CF4CFEA937FB}.Release|Any CPU.Build.0 = Release|Any CPU
		{FF0433DE-356F-49CE-96E6-D1B5FB2D498F}.Debug|Any CPU.ActiveCfg = Debug|Any CPU
		{FF0433DE-356F-49CE-96E6-D1B5FB2D498F}.Debug|Any CPU.Build.0 = Debug|Any CPU
		{FF0433DE-356F-49CE-96E6-D1B5FB2D498F}.Release|Any CPU.ActiveCfg = Release|Any CPU
		{FF0433DE-356F-49CE-96E6-D1B5FB2D498F}.Release|Any CPU.Build.0 = Release|Any CPU
	EndGlobalSection
	GlobalSection(NestedProjects) = preSolution
		{52459F86-6BBC-4C96-8C1C-01CBE7D2B135} = {0F85FD23-3BB9-48FA-882B-785E0B62794C}
		{8877C7E2-DE10-4B38-B4F7-AF0611944D4E} = {0F85FD23-3BB9-48FA-882B-785E0B62794C}
		{D022047E-D924-410A-9873-E85A5376BA8F} = {0F85FD23-3BB9-48FA-882B-785E0B62794C}
		{56B0B5C8-BA52-427A-8E8B-463A8547092E} = {0F85FD23-3BB9-48FA-882B-785E0B62794C}
		{D23A03BB-1340-4DED-90BA-B7297183854E} = {0F85FD23-3BB9-48FA-882B-785E0B62794C}
		{08FAADBE-0C19-4B6F-BC62-F4F6A0F60047} = {0F85FD23-3BB9-48FA-882B-785E0B62794C}
		{BEC8E438-33A9-4806-A5D7-BD49BACA39EC} = {0F85FD23-3BB9-48FA-882B-785E0B62794C}
		{ED32E5AE-27D5-4B41-AB65-9AD4A5B07D14} = {0F85FD23-3BB9-48FA-882B-785E0B62794C}
		{38FF335D-B47E-4D4D-9132-1BC837724DA4} = {EE09BD4C-0930-42F7-9B67-986313CB6750}
		{CA74B186-307C-45D5-BEE3-59E78165B245} = {EE09BD4C-0930-42F7-9B67-986313CB6750}
		{A13A792F-08A6-4992-B5F8-CF4CFEA937FB} = {EE09BD4C-0930-42F7-9B67-986313CB6750}
		{FF0433DE-356F-49CE-96E6-D1B5FB2D498F} = {EE09BD4C-0930-42F7-9B67-986313CB6750}
	EndGlobalSection
EndGlobal
